// !$*UTF8*$!
{
	archiveVersion = 1;
	classes = {
	};
	objectVersion = 50;
	objects = {

/* Begin PBXBuildFile section */
		7D3D21257BC1A72C2D6EE144 /* Pods_Geofencing.framework in Frameworks */ = {isa = PBXBuildFile; fileRef = B40AB11AD06A62D3E5227C7D /* Pods_Geofencing.framework */; };
		D554A9741E3EC07FF960BB82 /* Pods_GeofencingTests.framework in Frameworks */ = {isa = PBXBuildFile; fileRef = F7A3C6204ACDE4D88F298C1A /* Pods_GeofencingTests.framework */; };
		DCA974F5236DE61F00DA9CE4 /* AppDelegate.swift in Sources */ = {isa = PBXBuildFile; fileRef = DCA974F4236DE61F00DA9CE4 /* AppDelegate.swift */; };
		DCA974F7236DE61F00DA9CE4 /* ViewController.swift in Sources */ = {isa = PBXBuildFile; fileRef = DCA974F6236DE61F00DA9CE4 /* ViewController.swift */; };
		DCA974FA236DE61F00DA9CE4 /* Main.storyboard in Resources */ = {isa = PBXBuildFile; fileRef = DCA974F8236DE61F00DA9CE4 /* Main.storyboard */; };
		DCA974FC236DE62200DA9CE4 /* Assets.xcassets in Resources */ = {isa = PBXBuildFile; fileRef = DCA974FB236DE62200DA9CE4 /* Assets.xcassets */; };
		DCA974FF236DE62200DA9CE4 /* LaunchScreen.storyboard in Resources */ = {isa = PBXBuildFile; fileRef = DCA974FD236DE62200DA9CE4 /* LaunchScreen.storyboard */; };
		DCA9750A236DE62200DA9CE4 /* GeofencingTests.swift in Sources */ = {isa = PBXBuildFile; fileRef = DCA97509236DE62200DA9CE4 /* GeofencingTests.swift */; };
/* End PBXBuildFile section */

/* Begin PBXContainerItemProxy section */
		DCA97506236DE62200DA9CE4 /* PBXContainerItemProxy */ = {
			isa = PBXContainerItemProxy;
			containerPortal = DCA974E9236DE61F00DA9CE4 /* Project object */;
			proxyType = 1;
			remoteGlobalIDString = DCA974F0236DE61F00DA9CE4;
			remoteInfo = Geofencing;
		};
/* End PBXContainerItemProxy section */

/* Begin PBXFileReference section */
		282B5D409E315FDBA74B9967 /* Pods-Geofencing.release.xcconfig */ = {isa = PBXFileReference; includeInIndex = 1; lastKnownFileType = text.xcconfig; name = "Pods-Geofencing.release.xcconfig"; path = "Target Support Files/Pods-Geofencing/Pods-Geofencing.release.xcconfig"; sourceTree = "<group>"; };
		7EAFF7D7F4909D2E741D872F /* Pods-Geofencing.debug.xcconfig */ = {isa = PBXFileReference; includeInIndex = 1; lastKnownFileType = text.xcconfig; name = "Pods-Geofencing.debug.xcconfig"; path = "Target Support Files/Pods-Geofencing/Pods-Geofencing.debug.xcconfig"; sourceTree = "<group>"; };
		A447751CB4041BE4F2E32B53 /* Pods-GeofencingTests.release.xcconfig */ = {isa = PBXFileReference; includeInIndex = 1; lastKnownFileType = text.xcconfig; name = "Pods-GeofencingTests.release.xcconfig"; path = "Target Support Files/Pods-GeofencingTests/Pods-GeofencingTests.release.xcconfig"; sourceTree = "<group>"; };
		B40AB11AD06A62D3E5227C7D /* Pods_Geofencing.framework */ = {isa = PBXFileReference; explicitFileType = wrapper.framework; includeInIndex = 0; path = Pods_Geofencing.framework; sourceTree = BUILT_PRODUCTS_DIR; };
		DCA974F1236DE61F00DA9CE4 /* Geofencing.app */ = {isa = PBXFileReference; explicitFileType = wrapper.application; includeInIndex = 0; path = Geofencing.app; sourceTree = BUILT_PRODUCTS_DIR; };
		DCA974F4236DE61F00DA9CE4 /* AppDelegate.swift */ = {isa = PBXFileReference; lastKnownFileType = sourcecode.swift; path = AppDelegate.swift; sourceTree = "<group>"; };
		DCA974F6236DE61F00DA9CE4 /* ViewController.swift */ = {isa = PBXFileReference; lastKnownFileType = sourcecode.swift; path = ViewController.swift; sourceTree = "<group>"; };
		DCA974F9236DE61F00DA9CE4 /* Base */ = {isa = PBXFileReference; lastKnownFileType = file.storyboard; name = Base; path = Base.lproj/Main.storyboard; sourceTree = "<group>"; };
		DCA974FB236DE62200DA9CE4 /* Assets.xcassets */ = {isa = PBXFileReference; lastKnownFileType = folder.assetcatalog; path = Assets.xcassets; sourceTree = "<group>"; };
		DCA974FE236DE62200DA9CE4 /* Base */ = {isa = PBXFileReference; lastKnownFileType = file.storyboard; name = Base; path = Base.lproj/LaunchScreen.storyboard; sourceTree = "<group>"; };
		DCA97500236DE62200DA9CE4 /* Info.plist */ = {isa = PBXFileReference; lastKnownFileType = text.plist.xml; path = Info.plist; sourceTree = "<group>"; };
		DCA97505236DE62200DA9CE4 /* GeofencingTests.xctest */ = {isa = PBXFileReference; explicitFileType = wrapper.cfbundle; includeInIndex = 0; path = GeofencingTests.xctest; sourceTree = BUILT_PRODUCTS_DIR; };
		DCA97509236DE62200DA9CE4 /* GeofencingTests.swift */ = {isa = PBXFileReference; lastKnownFileType = sourcecode.swift; path = GeofencingTests.swift; sourceTree = "<group>"; };
		DCA9750B236DE62200DA9CE4 /* Info.plist */ = {isa = PBXFileReference; lastKnownFileType = text.plist.xml; path = Info.plist; sourceTree = "<group>"; };
		EEF464B4BBEFB9F2FCA6FD52 /* Pods-GeofencingTests.debug.xcconfig */ = {isa = PBXFileReference; includeInIndex = 1; lastKnownFileType = text.xcconfig; name = "Pods-GeofencingTests.debug.xcconfig"; path = "Target Support Files/Pods-GeofencingTests/Pods-GeofencingTests.debug.xcconfig"; sourceTree = "<group>"; };
		F7A3C6204ACDE4D88F298C1A /* Pods_GeofencingTests.framework */ = {isa = PBXFileReference; explicitFileType = wrapper.framework; includeInIndex = 0; path = Pods_GeofencingTests.framework; sourceTree = BUILT_PRODUCTS_DIR; };
/* End PBXFileReference section */

/* Begin PBXFrameworksBuildPhase section */
		DCA974EE236DE61F00DA9CE4 /* Frameworks */ = {
			isa = PBXFrameworksBuildPhase;
			buildActionMask = 2147483647;
			files = (
				7D3D21257BC1A72C2D6EE144 /* Pods_Geofencing.framework in Frameworks */,
			);
			runOnlyForDeploymentPostprocessing = 0;
		};
		DCA97502236DE62200DA9CE4 /* Frameworks */ = {
			isa = PBXFrameworksBuildPhase;
			buildActionMask = 2147483647;
			files = (
				D554A9741E3EC07FF960BB82 /* Pods_GeofencingTests.framework in Frameworks */,
			);
			runOnlyForDeploymentPostprocessing = 0;
		};
/* End PBXFrameworksBuildPhase section */

/* Begin PBXGroup section */
		75E2108C439F2D0EA0278C8E /* Pods */ = {
			isa = PBXGroup;
			children = (
				7EAFF7D7F4909D2E741D872F /* Pods-Geofencing.debug.xcconfig */,
				282B5D409E315FDBA74B9967 /* Pods-Geofencing.release.xcconfig */,
				EEF464B4BBEFB9F2FCA6FD52 /* Pods-GeofencingTests.debug.xcconfig */,
				A447751CB4041BE4F2E32B53 /* Pods-GeofencingTests.release.xcconfig */,
			);
			name = Pods;
			path = Pods;
			sourceTree = "<group>";
		};
		B9C202B3669B4B9099A7B517 /* Frameworks */ = {
			isa = PBXGroup;
			children = (
				B40AB11AD06A62D3E5227C7D /* Pods_Geofencing.framework */,
				F7A3C6204ACDE4D88F298C1A /* Pods_GeofencingTests.framework */,
			);
			name = Frameworks;
			sourceTree = "<group>";
		};
		DCA974E8236DE61F00DA9CE4 = {
			isa = PBXGroup;
			children = (
				DCA974F3236DE61F00DA9CE4 /* Geofencing */,
				DCA97508236DE62200DA9CE4 /* GeofencingTests */,
				DCA974F2236DE61F00DA9CE4 /* Products */,
				75E2108C439F2D0EA0278C8E /* Pods */,
				B9C202B3669B4B9099A7B517 /* Frameworks */,
			);
			sourceTree = "<group>";
		};
		DCA974F2236DE61F00DA9CE4 /* Products */ = {
			isa = PBXGroup;
			children = (
				DCA974F1236DE61F00DA9CE4 /* Geofencing.app */,
				DCA97505236DE62200DA9CE4 /* GeofencingTests.xctest */,
			);
			name = Products;
			sourceTree = "<group>";
		};
		DCA974F3236DE61F00DA9CE4 /* Geofencing */ = {
			isa = PBXGroup;
			children = (
				DCA974F4236DE61F00DA9CE4 /* AppDelegate.swift */,
				DCA974F6236DE61F00DA9CE4 /* ViewController.swift */,
				DCA974F8236DE61F00DA9CE4 /* Main.storyboard */,
				DCA974FB236DE62200DA9CE4 /* Assets.xcassets */,
				DCA974FD236DE62200DA9CE4 /* LaunchScreen.storyboard */,
				DCA97500236DE62200DA9CE4 /* Info.plist */,
			);
			path = Geofencing;
			sourceTree = "<group>";
		};
		DCA97508236DE62200DA9CE4 /* GeofencingTests */ = {
			isa = PBXGroup;
			children = (
				DCA97509236DE62200DA9CE4 /* GeofencingTests.swift */,
				DCA9750B236DE62200DA9CE4 /* Info.plist */,
			);
			path = GeofencingTests;
			sourceTree = "<group>";
		};
/* End PBXGroup section */

/* Begin PBXNativeTarget section */
		DCA974F0236DE61F00DA9CE4 /* Geofencing */ = {
			isa = PBXNativeTarget;
			buildConfigurationList = DCA9750E236DE62200DA9CE4 /* Build configuration list for PBXNativeTarget "Geofencing" */;
			buildPhases = (
				D2C9EAC19F29E8A8FB2D0206 /* [CP] Check Pods Manifest.lock */,
				DCA974ED236DE61F00DA9CE4 /* Sources */,
				DCA974EE236DE61F00DA9CE4 /* Frameworks */,
				DCA974EF236DE61F00DA9CE4 /* Resources */,
			);
			buildRules = (
			);
			dependencies = (
			);
			name = Geofencing;
			productName = Geofencing;
			productReference = DCA974F1236DE61F00DA9CE4 /* Geofencing.app */;
			productType = "com.apple.product-type.application";
		};
		DCA97504236DE62200DA9CE4 /* GeofencingTests */ = {
			isa = PBXNativeTarget;
			buildConfigurationList = DCA97511236DE62200DA9CE4 /* Build configuration list for PBXNativeTarget "GeofencingTests" */;
			buildPhases = (
				2EB52A5F6FC4175F6E85D014 /* [CP] Check Pods Manifest.lock */,
				DCA97501236DE62200DA9CE4 /* Sources */,
				DCA97502236DE62200DA9CE4 /* Frameworks */,
				DCA97503236DE62200DA9CE4 /* Resources */,
			);
			buildRules = (
			);
			dependencies = (
				DCA97507236DE62200DA9CE4 /* PBXTargetDependency */,
			);
			name = GeofencingTests;
			productName = GeofencingTests;
			productReference = DCA97505236DE62200DA9CE4 /* GeofencingTests.xctest */;
			productType = "com.apple.product-type.bundle.unit-test";
		};
/* End PBXNativeTarget section */

/* Begin PBXProject section */
		DCA974E9236DE61F00DA9CE4 /* Project object */ = {
			isa = PBXProject;
			attributes = {
				LastSwiftUpdateCheck = 1020;
				LastUpgradeCheck = 1020;
				ORGANIZATIONNAME = com.xchanging.agencydaiichi;
				TargetAttributes = {
					DCA974F0236DE61F00DA9CE4 = {
						CreatedOnToolsVersion = 10.2.1;
					};
					DCA97504236DE62200DA9CE4 = {
						CreatedOnToolsVersion = 10.2.1;
						TestTargetID = DCA974F0236DE61F00DA9CE4;
					};
				};
			};
			buildConfigurationList = DCA974EC236DE61F00DA9CE4 /* Build configuration list for PBXProject "Geofencing" */;
			compatibilityVersion = "Xcode 9.3";
			developmentRegion = en;
			hasScannedForEncodings = 0;
			knownRegions = (
				en,
				Base,
			);
			mainGroup = DCA974E8236DE61F00DA9CE4;
			productRefGroup = DCA974F2236DE61F00DA9CE4 /* Products */;
			projectDirPath = "";
			projectRoot = "";
			targets = (
				DCA974F0236DE61F00DA9CE4 /* Geofencing */,
				DCA97504236DE62200DA9CE4 /* GeofencingTests */,
			);
		};
/* End PBXProject section */

/* Begin PBXResourcesBuildPhase section */
		DCA974EF236DE61F00DA9CE4 /* Resources */ = {
			isa = PBXResourcesBuildPhase;
			buildActionMask = 2147483647;
			files = (
				DCA974FF236DE62200DA9CE4 /* LaunchScreen.storyboard in Resources */,
				DCA974FC236DE62200DA9CE4 /* Assets.xcassets in Resources */,
				DCA974FA236DE61F00DA9CE4 /* Main.storyboard in Resources */,
			);
			runOnlyForDeploymentPostprocessing = 0;
		};
		DCA97503236DE62200DA9CE4 /* Resources */ = {
			isa = PBXResourcesBuildPhase;
			buildActionMask = 2147483647;
			files = (
			);
			runOnlyForDeploymentPostprocessing = 0;
		};
/* End PBXResourcesBuildPhase section */

/* Begin PBXShellScriptBuildPhase section */
		2EB52A5F6FC4175F6E85D014 /* [CP] Check Pods Manifest.lock */ = {
			isa = PBXShellScriptBuildPhase;
			buildActionMask = 2147483647;
			files = (
			);
			inputFileListPaths = (
			);
			inputPaths = (
				"${PODS_PODFILE_DIR_PATH}/Podfile.lock",
				"${PODS_ROOT}/Manifest.lock",
			);
			name = "[CP] Check Pods Manifest.lock";
			outputFileListPaths = (
			);
			outputPaths = (
				"$(DERIVED_FILE_DIR)/Pods-GeofencingTests-checkManifestLockResult.txt",
			);
			runOnlyForDeploymentPostprocessing = 0;
			shellPath = /bin/sh;
			shellScript = "diff \"${PODS_PODFILE_DIR_PATH}/Podfile.lock\" \"${PODS_ROOT}/Manifest.lock\" > /dev/null\nif [ $? != 0 ] ; then\n    # print error to STDERR\n    echo \"error: The sandbox is not in sync with the Podfile.lock. Run 'pod install' or update your CocoaPods installation.\" >&2\n    exit 1\nfi\n# This output is used by Xcode 'outputs' to avoid re-running this script phase.\necho \"SUCCESS\" > \"${SCRIPT_OUTPUT_FILE_0}\"\n";
			showEnvVarsInLog = 0;
		};
		D2C9EAC19F29E8A8FB2D0206 /* [CP] Check Pods Manifest.lock */ = {
			isa = PBXShellScriptBuildPhase;
			buildActionMask = 2147483647;
			files = (
			);
			inputFileListPaths = (
			);
			inputPaths = (
				"${PODS_PODFILE_DIR_PATH}/Podfile.lock",
				"${PODS_ROOT}/Manifest.lock",
			);
			name = "[CP] Check Pods Manifest.lock";
			outputFileListPaths = (
			);
			outputPaths = (
				"$(DERIVED_FILE_DIR)/Pods-Geofencing-checkManifestLockResult.txt",
			);
			runOnlyForDeploymentPostprocessing = 0;
			shellPath = /bin/sh;
			shellScript = "diff \"${PODS_PODFILE_DIR_PATH}/Podfile.lock\" \"${PODS_ROOT}/Manifest.lock\" > /dev/null\nif [ $? != 0 ] ; then\n    # print error to STDERR\n    echo \"error: The sandbox is not in sync with the Podfile.lock. Run 'pod install' or update your CocoaPods installation.\" >&2\n    exit 1\nfi\n# This output is used by Xcode 'outputs' to avoid re-running this script phase.\necho \"SUCCESS\" > \"${SCRIPT_OUTPUT_FILE_0}\"\n";
			showEnvVarsInLog = 0;
		};
/* End PBXShellScriptBuildPhase section */

/* Begin PBXSourcesBuildPhase section */
		DCA974ED236DE61F00DA9CE4 /* Sources */ = {
			isa = PBXSourcesBuildPhase;
			buildActionMask = 2147483647;
			files = (
				DCA974F7236DE61F00DA9CE4 /* ViewController.swift in Sources */,
				DCA974F5236DE61F00DA9CE4 /* AppDelegate.swift in Sources */,
			);
			runOnlyForDeploymentPostprocessing = 0;
		};
		DCA97501236DE62200DA9CE4 /* Sources */ = {
			isa = PBXSourcesBuildPhase;
			buildActionMask = 2147483647;
			files = (
				DCA9750A236DE62200DA9CE4 /* GeofencingTests.swift in Sources */,
			);
			runOnlyForDeploymentPostprocessing = 0;
		};
/* End PBXSourcesBuildPhase section */

/* Begin PBXTargetDependency section */
		DCA97507236DE62200DA9CE4 /* PBXTargetDependency */ = {
			isa = PBXTargetDependency;
			target = DCA974F0236DE61F00DA9CE4 /* Geofencing */;
			targetProxy = DCA97506236DE62200DA9CE4 /* PBXContainerItemProxy */;
		};
/* End PBXTargetDependency section */

/* Begin PBXVariantGroup section */
		DCA974F8236DE61F00DA9CE4 /* Main.storyboard */ = {
			isa = PBXVariantGroup;
			children = (
				DCA974F9236DE61F00DA9CE4 /* Base */,
			);
			name = Main.storyboard;
			sourceTree = "<group>";
		};
		DCA974FD236DE62200DA9CE4 /* LaunchScreen.storyboard */ = {
			isa = PBXVariantGroup;
			children = (
				DCA974FE236DE62200DA9CE4 /* Base */,
			);
			name = LaunchScreen.storyboard;
			sourceTree = "<group>";
		};
/* End PBXVariantGroup section */

/* Begin XCBuildConfiguration section */
		DCA9750C236DE62200DA9CE4 /* Debug */ = {
			isa = XCBuildConfiguration;
			buildSettings = {
				ALWAYS_SEARCH_USER_PATHS = NO;
				CLANG_ANALYZER_NONNULL = YES;
				CLANG_ANALYZER_NUMBER_OBJECT_CONVERSION = YES_AGGRESSIVE;
				CLANG_CXX_LANGUAGE_STANDARD = "gnu++14";
				CLANG_CXX_LIBRARY = "libc++";
				CLANG_ENABLE_MODULES = YES;
				CLANG_ENABLE_OBJC_ARC = YES;
				CLANG_ENABLE_OBJC_WEAK = YES;
				CLANG_WARN_BLOCK_CAPTURE_AUTORELEASING = YES;
				CLANG_WARN_BOOL_CONVERSION = YES;
				CLANG_WARN_COMMA = YES;
				CLANG_WARN_CONSTANT_CONVERSION = YES;
				CLANG_WARN_DEPRECATED_OBJC_IMPLEMENTATIONS = YES;
				CLANG_WARN_DIRECT_OBJC_ISA_USAGE = YES_ERROR;
				CLANG_WARN_DOCUMENTATION_COMMENTS = YES;
				CLANG_WARN_EMPTY_BODY = YES;
				CLANG_WARN_ENUM_CONVERSION = YES;
				CLANG_WARN_INFINITE_RECURSION = YES;
				CLANG_WARN_INT_CONVERSION = YES;
				CLANG_WARN_NON_LITERAL_NULL_CONVERSION = YES;
				CLANG_WARN_OBJC_IMPLICIT_RETAIN_SELF = YES;
				CLANG_WARN_OBJC_LITERAL_CONVERSION = YES;
				CLANG_WARN_OBJC_ROOT_CLASS = YES_ERROR;
				CLANG_WARN_RANGE_LOOP_ANALYSIS = YES;
				CLANG_WARN_STRICT_PROTOTYPES = YES;
				CLANG_WARN_SUSPICIOUS_MOVE = YES;
				CLANG_WARN_UNGUARDED_AVAILABILITY = YES_AGGRESSIVE;
				CLANG_WARN_UNREACHABLE_CODE = YES;
				CLANG_WARN__DUPLICATE_METHOD_MATCH = YES;
				CODE_SIGN_IDENTITY = "iPhone Developer";
				COPY_PHASE_STRIP = NO;
				DEBUG_INFORMATION_FORMAT = dwarf;
				ENABLE_STRICT_OBJC_MSGSEND = YES;
				ENABLE_TESTABILITY = YES;
				GCC_C_LANGUAGE_STANDARD = gnu11;
				GCC_DYNAMIC_NO_PIC = NO;
				GCC_NO_COMMON_BLOCKS = YES;
				GCC_OPTIMIZATION_LEVEL = 0;
				GCC_PREPROCESSOR_DEFINITIONS = (
					"DEBUG=1",
					"$(inherited)",
				);
				GCC_WARN_64_TO_32_BIT_CONVERSION = YES;
				GCC_WARN_ABOUT_RETURN_TYPE = YES_ERROR;
				GCC_WARN_UNDECLARED_SELECTOR = YES;
				GCC_WARN_UNINITIALIZED_AUTOS = YES_AGGRESSIVE;
				GCC_WARN_UNUSED_FUNCTION = YES;
				GCC_WARN_UNUSED_VARIABLE = YES;
				IPHONEOS_DEPLOYMENT_TARGET = 12.2;
				MTL_ENABLE_DEBUG_INFO = INCLUDE_SOURCE;
				MTL_FAST_MATH = YES;
				ONLY_ACTIVE_ARCH = YES;
				SDKROOT = iphoneos;
				SWIFT_ACTIVE_COMPILATION_CONDITIONS = DEBUG;
				SWIFT_OPTIMIZATION_LEVEL = "-Onone";
			};
			name = Debug;
		};
		DCA9750D236DE62200DA9CE4 /* Release */ = {
			isa = XCBuildConfiguration;
			buildSettings = {
				ALWAYS_SEARCH_USER_PATHS = NO;
				CLANG_ANALYZER_NONNULL = YES;
				CLANG_ANALYZER_NUMBER_OBJECT_CONVERSION = YES_AGGRESSIVE;
				CLANG_CXX_LANGUAGE_STANDARD = "gnu++14";
				CLANG_CXX_LIBRARY = "libc++";
				CLANG_ENABLE_MODULES = YES;
				CLANG_ENABLE_OBJC_ARC = YES;
				CLANG_ENABLE_OBJC_WEAK = YES;
				CLANG_WARN_BLOCK_CAPTURE_AUTORELEASING = YES;
				CLANG_WARN_BOOL_CONVERSION = YES;
				CLANG_WARN_COMMA = YES;
				CLANG_WARN_CONSTANT_CONVERSION = YES;
				CLANG_WARN_DEPRECATED_OBJC_IMPLEMENTATIONS = YES;
				CLANG_WARN_DIRECT_OBJC_ISA_USAGE = YES_ERROR;
				CLANG_WARN_DOCUMENTATION_COMMENTS = YES;
				CLANG_WARN_EMPTY_BODY = YES;
				CLANG_WARN_ENUM_CONVERSION = YES;
				CLANG_WARN_INFINITE_RECURSION = YES;
				CLANG_WARN_INT_CONVERSION = YES;
				CLANG_WARN_NON_LITERAL_NULL_CONVERSION = YES;
				CLANG_WARN_OBJC_IMPLICIT_RETAIN_SELF = YES;
				CLANG_WARN_OBJC_LITERAL_CONVERSION = YES;
				CLANG_WARN_OBJC_ROOT_CLASS = YES_ERROR;
				CLANG_WARN_RANGE_LOOP_ANALYSIS = YES;
				CLANG_WARN_STRICT_PROTOTYPES = YES;
				CLANG_WARN_SUSPICIOUS_MOVE = YES;
				CLANG_WARN_UNGUARDED_AVAILABILITY = YES_AGGRESSIVE;
				CLANG_WARN_UNREACHABLE_CODE = YES;
				CLANG_WARN__DUPLICATE_METHOD_MATCH = YES;
				CODE_SIGN_IDENTITY = "iPhone Developer";
				COPY_PHASE_STRIP = NO;
				DEBUG_INFORMATION_FORMAT = "dwarf-with-dsym";
				ENABLE_NS_ASSERTIONS = NO;
				ENABLE_STRICT_OBJC_MSGSEND = YES;
				GCC_C_LANGUAGE_STANDARD = gnu11;
				GCC_NO_COMMON_BLOCKS = YES;
				GCC_WARN_64_TO_32_BIT_CONVERSION = YES;
				GCC_WARN_ABOUT_RETURN_TYPE = YES_ERROR;
				GCC_WARN_UNDECLARED_SELECTOR = YES;
				GCC_WARN_UNINITIALIZED_AUTOS = YES_AGGRESSIVE;
				GCC_WARN_UNUSED_FUNCTION = YES;
				GCC_WARN_UNUSED_VARIABLE = YES;
				IPHONEOS_DEPLOYMENT_TARGET = 12.2;
				MTL_ENABLE_DEBUG_INFO = NO;
				MTL_FAST_MATH = YES;
				SDKROOT = iphoneos;
				SWIFT_COMPILATION_MODE = wholemodule;
				SWIFT_OPTIMIZATION_LEVEL = "-O";
				VALIDATE_PRODUCT = YES;
			};
			name = Release;
		};
		DCA9750F236DE62200DA9CE4 /* Debug */ = {
			isa = XCBuildConfiguration;
			baseConfigurationReference = 7EAFF7D7F4909D2E741D872F /* Pods-Geofencing.debug.xcconfig */;
			buildSettings = {
				ASSETCATALOG_COMPILER_APPICON_NAME = AppIcon;
				CODE_SIGN_STYLE = Automatic;
				DEVELOPMENT_TEAM = FD32288A22;
				INFOPLIST_FILE = Geofencing/Info.plist;
				LD_RUNPATH_SEARCH_PATHS = (
					"$(inherited)",
					"@executable_path/Frameworks",
				);
				PRODUCT_BUNDLE_IDENTIFIER = Jamil.Geofencing;
				PRODUCT_NAME = "$(TARGET_NAME)";
				SWIFT_VERSION = 5.0;
				TARGETED_DEVICE_FAMILY = "1,2";
			};
			name = Debug;
		};
		DCA97510236DE62200DA9CE4 /* Release */ = {
			isa = XCBuildConfiguration;
			baseConfigurationReference = 282B5D409E315FDBA74B9967 /* Pods-Geofencing.release.xcconfig */;
			buildSettings = {
				ASSETCATALOG_COMPILER_APPICON_NAME = AppIcon;
				CODE_SIGN_STYLE = Automatic;
				DEVELOPMENT_TEAM = FD32288A22;
				INFOPLIST_FILE = Geofencing/Info.plist;
				LD_RUNPATH_SEARCH_PATHS = (
					"$(inherited)",
					"@executable_path/Frameworks",
				);
				PRODUCT_BUNDLE_IDENTIFIER = Jamil.Geofencing;
				PRODUCT_NAME = "$(TARGET_NAME)";
				SWIFT_VERSION = 5.0;
				TARGETED_DEVICE_FAMILY = "1,2";
			};
			name = Release;
		};
		DCA97512236DE62200DA9CE4 /* Debug */ = {
			isa = XCBuildConfiguration;
			baseConfigurationReference = EEF464B4BBEFB9F2FCA6FD52 /* Pods-GeofencingTests.debug.xcconfig */;
			buildSettings = {
				ALWAYS_EMBED_SWIFT_STANDARD_LIBRARIES = YES;
				BUNDLE_LOADER = "$(TEST_HOST)";
				CODE_SIGN_STYLE = Automatic;
				DEVELOPMENT_TEAM = FD32288A22;
				INFOPLIST_FILE = GeofencingTests/Info.plist;
				LD_RUNPATH_SEARCH_PATHS = (
					"$(inherited)",
					"@executable_path/Frameworks",
					"@loader_path/Frameworks",
				);
				PRODUCT_BUNDLE_IDENTIFIER = Jamil.GeofencingTests;
				PRODUCT_NAME = "$(TARGET_NAME)";
				SWIFT_VERSION = 5.0;
				TARGETED_DEVICE_FAMILY = "1,2";
				TEST_HOST = "$(BUILT_PRODUCTS_DIR)/Geofencing.app/Geofencing";
			};
			name = Debug;
		};
		DCA97513236DE62200DA9CE4 /* Release */ = {
			isa = XCBuildConfiguration;
			baseConfigurationReference = A447751CB4041BE4F2E32B53 /* Pods-GeofencingTests.release.xcconfig */;
			buildSettings = {
				ALWAYS_EMBED_SWIFT_STANDARD_LIBRARIES = YES;
				BUNDLE_LOADER = "$(TEST_HOST)";
				CODE_SIGN_STYLE = Automatic;
				DEVELOPMENT_TEAM = FD32288A22;
				INFOPLIST_FILE = GeofencingTests/Info.plist;
				LD_RUNPATH_SEARCH_PATHS = (
					"$(inherited)",
					"@executable_path/Frameworks",
					"@loader_path/Frameworks",
				);
				PRODUCT_BUNDLE_IDENTIFIER = Jamil.GeofencingTests;
				PRODUCT_NAME = "$(TARGET_NAME)";
				SWIFT_VERSION = 5.0;
				TARGETED_DEVICE_FAMILY = "1,2";
				TEST_HOST = "$(BUILT_PRODUCTS_DIR)/Geofencing.app/Geofencing";
			};
			name = Release;
		};
/* End XCBuildConfiguration section */

/* Begin XCConfigurationList section */
		DCA974EC236DE61F00DA9CE4 /* Build configuration list for PBXProject "Geofencing" */ = {
			isa = XCConfigurationList;
			buildConfigurations = (
				DCA9750C236DE62200DA9CE4 /* Debug */,
				DCA9750D236DE62200DA9CE4 /* Release */,
			);
			defaultConfigurationIsVisible = 0;
			defaultConfigurationName = Release;
		};
		DCA9750E236DE62200DA9CE4 /* Build configuration list for PBXNativeTarget "Geofencing" */ = {
			isa = XCConfigurationList;
			buildConfigurations = (
				DCA9750F236DE62200DA9CE4 /* Debug */,
				DCA97510236DE62200DA9CE4 /* Release */,
			);
			defaultConfigurationIsVisible = 0;
			defaultConfigurationName = Release;
		};
		DCA97511236DE62200DA9CE4 /* Build configuration list for PBXNativeTarget "GeofencingTests" */ = {
			isa = XCConfigurationList;
			buildConfigurations = (
				DCA97512236DE62200DA9CE4 /* Debug */,
				DCA97513236DE62200DA9CE4 /* Release */,
			);
			defaultConfigurationIsVisible = 0;
			defaultConfigurationName = Release;
		};
/* End XCConfigurationList section */
	};
	rootObject = DCA974E9236DE61F00DA9CE4 /* Project object */;
}
